// !$*UTF8*$!
{
	archiveVersion = 1;
	classes = {
	};
	objectVersion = 77;
	objects = {

/* Begin PBXContainerItemProxy section */
		E848FC63300902EE0039115D /* PBXContainerItemProxy */ = {
			isa = PBXContainerItemProxy;
			containerPortal = E848FC4C300902ED0039115D /* Project object */;
			proxyType = 1;
			remoteGlobalIDString = E848FC53300902ED0039115D;
			remoteInfo = CommandTabSwitcher;
		};
		E848FC6D300902EE0039115D /* PBXContainerItemProxy */ = {
			isa = PBXContainerItemProxy;
			containerPortal = E848FC4C300902ED0039115D /* Project object */;
			proxyType = 1;
			remoteGlobalIDString = E848FC53300902ED0039115D;
			remoteInfo = CommandTabSwitcher;
		};
/* End PBXContainerItemProxy section */

/* Begin PBXFileReference section */
		E848FC54300902ED0039115D /* CommandTabSwitcher.app */ = {isa = PBXFileReference; explicitFileType = wrapper.application; includeInIndex = 0; path = CommandTabSwitcher.app; sourceTree = BUILT_PRODUCTS_DIR; };
		E848FC62300902EE0039115D /* CommandTabSwitcherTests.xctest */ = {isa = PBXFileReference; explicitFileType = wrapper.cfbundle; includeInIndex = 0; path = CommandTabSwitcherTests.xctest; sourceTree = BUILT_PRODUCTS_DIR; };
		E848FC6C300902EE0039115D /* CommandTabSwitcherUITests.xctest */ = {isa = PBXFileReference; explicitFileType = wrapper.cfbundle; includeInIndex = 0; path = CommandTabSwitcherUITests.xctest; sourceTree = BUILT_PRODUCTS_DIR; };
		E848FCF1300904DF0039115D /* CommandTabSwitcher.xcodeproj */ = {isa = PBXFileReference; lastKnownFileType = "wrapper.pb-project"; path = CommandTabSwitcher.xcodeproj; sourceTree = "<group>"; };
		E8530A323009426500F87927 /* CommandTabSwitcher.xcodeproj */ = {isa = PBXFileReference; lastKnownFileType = "wrapper.pb-project"; path = CommandTabSwitcher.xcodeproj; sourceTree = "<group>"; };
/* End PBXFileReference section */

/* Begin PBXFileSystemSynchronizedRootGroup section */
		E848FC56300902ED0039115D /* CommandTabSwitcher */ = {
			isa = PBXFileSystemSynchronizedRootGroup;
			path = CommandTabSwitcher;
			sourceTree = "<group>";
		};
		E848FC65300902EE0039115D /* CommandTabSwitcherTests */ = {
			isa = PBXFileSystemSynchronizedRootGroup;
			path = CommandTabSwitcherTests;
			sourceTree = "<group>";
		};
		E848FC6F300902EE0039115D /* CommandTabSwitcherUITests */ = {
			isa = PBXFileSystemSynchronizedRootGroup;
			path = CommandTabSwitcherUITests;
			sourceTree = "<group>";
		};
/* End PBXFileSystemSynchronizedRootGroup section */

/* Begin PBXFrameworksBuildPhase section */
		E848FC51300902ED0039115D /* Frameworks */ = {
			isa = PBXFrameworksBuildPhase;
			buildActionMask = 2147483647;
			files = (
			);
			runOnlyForDeploymentPostprocessing = 0;
		};
		E848FC5F300902EE0039115D /* Frameworks */ = {
			isa = PBXFrameworksBuildPhase;
			buildActionMask = 2147483647;
			files = (
			);
			runOnlyForDeploymentPostprocessing = 0;
		};
		E848FC69300902EE0039115D /* Frameworks */ = {
			isa = PBXFrameworksBuildPhase;
			buildActionMask = 2147483647;
			files = (
			);
			runOnlyForDeploymentPostprocessing = 0;
		};
/* End PBXFrameworksBuildPhase section */

/* Begin PBXGroup section */
		E848FC4B300902ED0039115D = {
			isa = PBXGroup;
			children = (
				E848FC56300902ED0039115D /* CommandTabSwitcher */,
				E848FC65300902EE0039115D /* CommandTabSwitcherTests */,
				E848FC6F300902EE0039115D /* CommandTabSwitcherUITests */,
				E848FC55300902ED0039115D /* Products */,
			);
			sourceTree = "<group>";
		};
		E848FC55300902ED0039115D /* Products */ = {
			isa = PBXGroup;
			children = (
				E848FC54300902ED0039115D /* CommandTabSwitcher.app */,
				E848FC62300902EE0039115D /* CommandTabSwitcherTests.xctest */,
				E848FC6C300902EE0039115D /* CommandTabSwitcherUITests.xctest */,
			);
			name = Products;
			sourceTree = "<group>";
		};
		E848FCF2300904DF0039115D /* Products */ = {
			isa = PBXGroup;
			children = (
			);
			name = Products;
			sourceTree = "<group>";
		};
		E8530A333009426500F87927 /* Products */ = {
			isa = PBXGroup;
			children = (
			);
			name = Products;
			sourceTree = "<group>";
		};
/* End PBXGroup section */

/* Begin PBXNativeTarget section */
		E848FC53300902ED0039115D /* CommandTabSwitcher */ = {
			isa = PBXNativeTarget;
			buildConfigurationList = E848FC76300902EE0039115D /* Build configuration list for PBXNativeTarget "CommandTabSwitcher" */;
			buildPhases = (
				E848FC50300902ED0039115D /* Sources */,
				E848FC51300902ED0039115D /* Frameworks */,
				E848FC52300902ED0039115D /* Resources */,
			);
			buildRules = (
			);
			dependencies = (
			);
			fileSystemSynchronizedGroups = (
				E848FC56300902ED0039115D /* CommandTabSwitcher */,
			);
			name = CommandTabSwitcher;
			packageProductDependencies = (
			);
			productName = CommandTabSwitcher;
			productReference = E848FC54300902ED0039115D /* CommandTabSwitcher.app */;
			productType = "com.apple.product-type.application";
		};
		E848FC61300902EE0039115D /* CommandTabSwitcherTests */ = {
			isa = PBXNativeTarget;
			buildConfigurationList = E848FC79300902EE0039115D /* Build configuration list for PBXNativeTarget "CommandTabSwitcherTests" */;
			buildPhases = (
				E848FC5E300902EE0039115D /* Sources */,
				E848FC5F300902EE0039115D /* Frameworks */,
				E848FC60300902EE0039115D /* Resources */,
			);
			buildRules = (
			);
			dependencies = (
				E848FC64300902EE0039115D /* PBXTargetDependency */,
			);
			fileSystemSynchronizedGroups = (
				E848FC65300902EE0039115D /* CommandTabSwitcherTests */,
			);
			name = CommandTabSwitcherTests;
			packageProductDependencies = (
			);
			productName = CommandTabSwitcherTests;
			productReference = E848FC62300902EE0039115D /* CommandTabSwitcherTests.xctest */;
			productType = "com.apple.product-type.bundle.unit-test";
		};
		E848FC6B300902EE0039115D /* CommandTabSwitcherUITests */ = {
			isa = PBXNativeTarget;
			buildConfigurationList = E848FC7C300902EE0039115D /* Build configuration list for PBXNativeTarget "CommandTabSwitcherUITests" */;
			buildPhases = (
				E848FC68300902EE0039115D /* Sources */,
				E848FC69300902EE0039115D /* Frameworks */,
				E848FC6A300902EE0039115D /* Resources */,
			);
			buildRules = (
			);
			dependencies = (
				E848FC6E300902EE0039115D /* PBXTargetDependency */,
			);
			fileSystemSynchronizedGroups = (
				E848FC6F300902EE0039115D /* CommandTabSwitcherUITests */,
			);
			name = CommandTabSwitcherUITests;
			packageProductDependencies = (
			);
			productName = CommandTabSwitcherUITests;
			productReference = E848FC6C300902EE0039115D /* CommandTabSwitcherUITests.xctest */;
			productType = "com.apple.product-type.bundle.ui-testing";
		};
/* End PBXNativeTarget section */

/* Begin PBXProject section */
		E848FC4C300902ED0039115D /* Project object */ = {
			isa = PBXProject;
			attributes = {
				BuildIndependentTargetsInParallel = 1;
				LastSwiftUpdateCheck = 1640;
				LastUpgradeCheck = 1640;
				TargetAttributes = {
					E848FC53300902ED0039115D = {
						CreatedOnToolsVersion = 16.4;
					};
					E848FC61300902EE0039115D = {
						CreatedOnToolsVersion = 16.4;
						TestTargetID = E848FC53300902ED0039115D;
					};
					E848FC6B300902EE0039115D = {
						CreatedOnToolsVersion = 16.4;
						TestTargetID = E848FC53300902ED0039115D;
					};
				};
			};
			buildConfigurationList = E848FC4F300902ED0039115D /* Build configuration list for PBXProject "CommandTabSwitcher" */;
			developmentRegion = en;
			hasScannedForEncodings = 0;
			knownRegions = (
				en,
				Base,
			);
			mainGroup = E848FC4B300902ED0039115D;
			minimizedProjectReferenceProxies = 1;
			preferredProjectObjectVersion = 77;
			productRefGroup = E848FC55300902ED0039115D /* Products */;
			projectDirPath = "";
			projectReferences = (
				{
					ProductGroup = E8530A333009426500F87927 /* Products */;
					ProjectRef = E8530A323009426500F87927 /* CommandTabSwitcher.xcodeproj */;
				},
				{
					ProductGroup = E848FCF2300904DF0039115D /* Products */;
					ProjectRef = E848FCF1300904DF0039115D /* CommandTabSwitcher.xcodeproj */;
				},
			);
			projectRoot = "";
			targets = (
				E848FC53300902ED0039115D /* CommandTabSwitcher */,
				E848FC61300902EE0039115D /* CommandTabSwitcherTests */,
				E848FC6B300902EE0039115D /* CommandTabSwitcherUITests */,
			);
		};
/* End PBXProject section */

/* Begin PBXResourcesBuildPhase section */
		E848FC52300902ED0039115D /* Resources */ = {
			isa = PBXResourcesBuildPhase;
			buildActionMask = 2147483647;
			files = (
			);
			runOnlyForDeploymentPostprocessing = 0;
		};
		E848FC60300902EE0039115D /* Resources */ = {
			isa = PBXResourcesBuildPhase;
			buildActionMask = 2147483647;
			files = (
			);
			runOnlyForDeploymentPostprocessing = 0;
		};
		E848FC6A300902EE0039115D /* Resources */ = {
			isa = PBXResourcesBuildPhase;
			buildActionMask = 2147483647;
			files = (
			);
			runOnlyForDeploymentPostprocessing = 0;
		};
/* End PBXResourcesBuildPhase section */

/* Begin PBXSourcesBuildPhase section */
		E848FC50300902ED0039115D /* Sources */ = {
			isa = PBXSourcesBuildPhase;
			buildActionMask = 2147483647;
			files = (
			);
			runOnlyForDeploymentPostprocessing = 0;
		};
		E848FC5E300902EE0039115D /* Sources */ = {
			isa = PBXSourcesBuildPhase;
			buildActionMask = 2147483647;
			files = (
			);
			runOnlyForDeploymentPostprocessing = 0;
		};
		E848FC68300902EE0039115D /* Sources */ = {
			isa = PBXSourcesBuildPhase;
			buildActionMask = 2147483647;
			files = (
			);
			runOnlyForDeploymentPostprocessing = 0;
		};
/* End PBXSourcesBuildPhase section */

/* Begin PBXTargetDependency section */
		E848FC64300902EE0039115D /* PBXTargetDependency */ = {
			isa = PBXTargetDependency;
			target = E848FC53300902ED0039115D /* CommandTabSwitcher */;
			targetProxy = E848FC63300902EE0039115D /* PBXContainerItemProxy */;
		};
		E848FC6E300902EE0039115D /* PBXTargetDependency */ = {
			isa = PBXTargetDependency;
			target = E848FC53300902ED0039115D /* CommandTabSwitcher */;
			targetProxy = E848FC6D300902EE0039115D /* PBXContainerItemProxy */;
		};
/* End PBXTargetDependency section */

/* Begin XCBuildConfiguration section */
		E848FC74300902EE0039115D /* Debug */ = {
			isa = XCBuildConfiguration;
			buildSettings = {
				ALWAYS_SEARCH_USER_PATHS = NO;
				ASSETCATALOG_COMPILER_GENERATE_SWIFT_ASSET_SYMBOL_EXTENSIONS = YES;
				CLANG_ANALYZER_NONNULL = YES;
				CLANG_ANALYZER_NUMBER_OBJECT_CONVERSION = YES_AGGRESSIVE;
				CLANG_CXX_LANGUAGE_STANDARD = "gnu++20";
				CLANG_ENABLE_MODULES = YES;
				CLANG_ENABLE_OBJC_ARC = YES;
				CLANG_ENABLE_OBJC_WEAK = YES;
				CLANG_WARN_BLOCK_CAPTURE_AUTORELEASING = YES;
				CLANG_WARN_BOOL_CONVERSION = YES;
				CLANG_WARN_COMMA = YES;
				CLANG_WARN_CONSTANT_CONVERSION = YES;
				CLANG_WARN_DEPRECATED_OBJC_IMPLEMENTATIONS = YES;
				CLANG_WARN_DIRECT_OBJC_ISA_USAGE = YES_ERROR;
				CLANG_WARN_DOCUMENTATION_COMMENTS = YES;
				CLANG_WARN_EMPTY_BODY = YES;
				CLANG_WARN_ENUM_CONVERSION = YES;
				CLANG_WARN_INFINITE_RECURSION = YES;
				CLANG_WARN_INT_CONVERSION = YES;
				CLANG_WARN_NON_LITERAL_NULL_CONVERSION = YES;
				CLANG_WARN_OBJC_IMPLICIT_RETAIN_SELF = YES;
				CLANG_WARN_OBJC_LITERAL_CONVERSION = YES;
				CLANG_WARN_OBJC_ROOT_CLASS = YES_ERROR;
				CLANG_WARN_QUOTED_INCLUDE_IN_FRAMEWORK_HEADER = YES;
				CLANG_WARN_RANGE_LOOP_ANALYSIS = YES;
				CLANG_WARN_STRICT_PROTOTYPES = YES;
				CLANG_WARN_SUSPICIOUS_MOVE = YES;
				CLANG_WARN_UNGUARDED_AVAILABILITY = YES_AGGRESSIVE;
				CLANG_WARN_UNREACHABLE_CODE = YES;
				CLANG_WARN__DUPLICATE_METHOD_MATCH = YES;
				COPY_PHASE_STRIP = NO;
				DEBUG_INFORMATION_FORMAT = dwarf;
				ENABLE_STRICT_OBJC_MSGSEND = YES;
				ENABLE_TESTABILITY = YES;
				ENABLE_USER_SCRIPT_SANDBOXING = YES;
				GCC_C_LANGUAGE_STANDARD = gnu17;
				GCC_DYNAMIC_NO_PIC = NO;
				GCC_NO_COMMON_BLOCKS = YES;
				GCC_OPTIMIZATION_LEVEL = 0;
				GCC_PREPROCESSOR_DEFINITIONS = (
					"DEBUG=1",
					"$(inherited)",
				);
				GCC_WARN_64_TO_32_BIT_CONVERSION = YES;
				GCC_WARN_ABOUT_RETURN_TYPE = YES_ERROR;
				GCC_WARN_UNDECLARED_SELECTOR = YES;
				GCC_WARN_UNINITIALIZED_AUTOS = YES_AGGRESSIVE;
				GCC_WARN_UNUSED_FUNCTION = YES;
				GCC_WARN_UNUSED_VARIABLE = YES;
				LOCALIZATION_PREFERS_STRING_CATALOGS = YES;
				MACOSX_DEPLOYMENT_TARGET = 15.5;
				MTL_ENABLE_DEBUG_INFO = INCLUDE_SOURCE;
				MTL_FAST_MATH = YES;
				ONLY_ACTIVE_ARCH = YES;
				SDKROOT = macosx;
				SWIFT_ACTIVE_COMPILATION_CONDITIONS = "DEBUG $(inherited)";
				SWIFT_OPTIMIZATION_LEVEL = "-Onone";
			};
			name = Debug;
		};
		E848FC75300902EE0039115D /* Release */ = {
			isa = XCBuildConfiguration;
			buildSettings = {
				ALWAYS_SEARCH_USER_PATHS = NO;
				ASSETCATALOG_COMPILER_GENERATE_SWIFT_ASSET_SYMBOL_EXTENSIONS = YES;
				CLANG_ANALYZER_NONNULL = YES;
				CLANG_ANALYZER_NUMBER_OBJECT_CONVERSION = YES_AGGRESSIVE;
				CLANG_CXX_LANGUAGE_STANDARD = "gnu++20";
				CLANG_ENABLE_MODULES = YES;
				CLANG_ENABLE_OBJC_ARC = YES;
				CLANG_ENABLE_OBJC_WEAK = YES;
				CLANG_WARN_BLOCK_CAPTURE_AUTORELEASING = YES;
				CLANG_WARN_BOOL_CONVERSION = YES;
				CLANG_WARN_COMMA = YES;
				CLANG_WARN_CONSTANT_CONVERSION = YES;
				CLANG_WARN_DEPRECATED_OBJC_IMPLEMENTATIONS = YES;
				CLANG_WARN_DIRECT_OBJC_ISA_USAGE = YES_ERROR;
				CLANG_WARN_DOCUMENTATION_COMMENTS = YES;
				CLANG_WARN_EMPTY_BODY = YES;
				CLANG_WARN_ENUM_CONVERSION = YES;
				CLANG_WARN_INFINITE_RECURSION = YES;
				CLANG_WARN_INT_CONVERSION = YES;
				CLANG_WARN_NON_LITERAL_NULL_CONVERSION = YES;
				CLANG_WARN_OBJC_IMPLICIT_RETAIN_SELF = YES;
				CLANG_WARN_OBJC_LITERAL_CONVERSION = YES;
				CLANG_WARN_OBJC_ROOT_CLASS = YES_ERROR;
				CLANG_WARN_QUOTED_INCLUDE_IN_FRAMEWORK_HEADER = YES;
				CLANG_WARN_RANGE_LOOP_ANALYSIS = YES;
				CLANG_WARN_STRICT_PROTOTYPES = YES;
				CLANG_WARN_SUSPICIOUS_MOVE = YES;
				CLANG_WARN_UNGUARDED_AVAILABILITY = YES_AGGRESSIVE;
				CLANG_WARN_UNREACHABLE_CODE = YES;
				CLANG_WARN__DUPLICATE_METHOD_MATCH = YES;
				COPY_PHASE_STRIP = NO;
				DEBUG_INFORMATION_FORMAT = "dwarf-with-dsym";
				ENABLE_NS_ASSERTIONS = NO;
				ENABLE_STRICT_OBJC_MSGSEND = YES;
				ENABLE_USER_SCRIPT_SANDBOXING = YES;
				GCC_C_LANGUAGE_STANDARD = gnu17;
				GCC_NO_COMMON_BLOCKS = YES;
				GCC_WARN_64_TO_32_BIT_CONVERSION = YES;
				GCC_WARN_ABOUT_RETURN_TYPE = YES_ERROR;
				GCC_WARN_UNDECLARED_SELECTOR = YES;
				GCC_WARN_UNINITIALIZED_AUTOS = YES_AGGRESSIVE;
				GCC_WARN_UNUSED_FUNCTION = YES;
				GCC_WARN_UNUSED_VARIABLE = YES;
				LOCALIZATION_PREFERS_STRING_CATALOGS = YES;
				MACOSX_DEPLOYMENT_TARGET = 15.5;
				MTL_ENABLE_DEBUG_INFO = NO;
				MTL_FAST_MATH = YES;
				SDKROOT = macosx;
				SWIFT_COMPILATION_MODE = wholemodule;
			};
			name = Release;
		};
		E848FC77300902EE0039115D /* Debug */ = {
			isa = XCBuildConfiguration;
			buildSettings = {
				ASSETCATALOG_COMPILER_APPICON_NAME = AppIcon;
				ASSETCATALOG_COMPILER_GLOBAL_ACCENT_COLOR_NAME = AccentColor;
				CODE_SIGN_ENTITLEMENTS = CommandTabSwitcher/CommandTabSwitcher.entitlements;
				CODE_SIGN_STYLE = Automatic;
				COMBINE_HIDPI_IMAGES = YES;
				CURRENT_PROJECT_VERSION = 1;
				ENABLE_PREVIEWS = YES;
				GENERATE_INFOPLIST_FILE = YES;
				INFOPLIST_KEY_NSHumanReadableCopyright = "";
				LD_RUNPATH_SEARCH_PATHS = (
					"$(inherited)",
					"@executable_path/../Frameworks",
				);
				LIBRARY_SEARCH_PATHS = (
					"$(inherited)",
					"$(PROJECT_DIR)/CommandTabSwitcher/.build/Build/Intermediates.noindex/CommandTabSwitcher.build/Debug/CommandTabSwitcher.build/Objects-normal/x86_64/Binary",
					"$(PROJECT_DIR)/CommandTabSwitcher/.build/Build/Intermediates.noindex/CommandTabSwitcher.build/Debug/CommandTabSwitcher.build/Objects-normal/arm64/Binary",
				);
				MARKETING_VERSION = 1.0;
				PRODUCT_BUNDLE_IDENTIFIER = axu.CommandTabSwitcher;
				PRODUCT_NAME = "$(TARGET_NAME)";
				REGISTER_APP_GROUPS = YES;
				SWIFT_EMIT_LOC_STRINGS = YES;
				SWIFT_VERSION = 5.0;
			};
			name = Debug;
		};
		E848FC78300902EE0039115D /* Release */ = {
			isa = XCBuildConfiguration;
			buildSettings = {
				ASSETCATALOG_COMPILER_APPICON_NAME = AppIcon;
				ASSETCATALOG_COMPILER_GLOBAL_ACCENT_COLOR_NAME = AccentColor;
				CODE_SIGN_ENTITLEMENTS = CommandTabSwitcher/CommandTabSwitcher.entitlements;
				CODE_SIGN_STYLE = Automatic;
				COMBINE_HIDPI_IMAGES = YES;
				CURRENT_PROJECT_VERSION = 1;
				ENABLE_PREVIEWS = YES;
				GENERATE_INFOPLIST_FILE = YES;
				INFOPLIST_KEY_NSHumanReadableCopyright = "";
				LD_RUNPATH_SEARCH_PATHS = (
					"$(inherited)",
					"@executable_path/../Frameworks",
				);
				LIBRARY_SEARCH_PATHS = (
					"$(inherited)",
					"$(PROJECT_DIR)/CommandTabSwitcher/.build/Build/Intermediates.noindex/CommandTabSwitcher.build/Debug/CommandTabSwitcher.build/Objects-normal/x86_64/Binary",
					"$(PROJECT_DIR)/CommandTabSwitcher/.build/Build/Intermediates.noindex/CommandTabSwitcher.build/Debug/CommandTabSwitcher.build/Objects-normal/arm64/Binary",
				);
				MARKETING_VERSION = 1.0;
				PRODUCT_BUNDLE_IDENTIFIER = axu.CommandTabSwitcher;
				PRODUCT_NAME = "$(TARGET_NAME)";
				REGISTER_APP_GROUPS = YES;
				SWIFT_EMIT_LOC_STRINGS = YES;
				SWIFT_VERSION = 5.0;
			};
			name = Release;
		};
		E848FC7A300902EE0039115D /* Debug */ = {
			isa = XCBuildConfiguration;
			buildSettings = {
				BUNDLE_LOADER = "$(TEST_HOST)";
				CODE_SIGN_STYLE = Automatic;
				CURRENT_PROJECT_VERSION = 1;
				GENERATE_INFOPLIST_FILE = YES;
				MACOSX_DEPLOYMENT_TARGET = 15.5;
				MARKETING_VERSION = 1.0;
				PRODUCT_BUNDLE_IDENTIFIER = axu.CommandTabSwitcherTests;
				PRODUCT_NAME = "$(TARGET_NAME)";
				SWIFT_EMIT_LOC_STRINGS = NO;
				SWIFT_VERSION = 5.0;
				TEST_HOST = "$(BUILT_PRODUCTS_DIR)/CommandTabSwitcher.app/$(BUNDLE_EXECUTABLE_FOLDER_PATH)/CommandTabSwitcher";
			};
			name = Debug;
		};
		E848FC7B300902EE0039115D /* Release */ = {
			isa = XCBuildConfiguration;
			buildSettings = {
				BUNDLE_LOADER = "$(TEST_HOST)";
				CODE_SIGN_STYLE = Automatic;
				CURRENT_PROJECT_VERSION = 1;
				GENERATE_INFOPLIST_FILE = YES;
				MACOSX_DEPLOYMENT_TARGET = 15.5;
				MARKETING_VERSION = 1.0;
				PRODUCT_BUNDLE_IDENTIFIER = axu.CommandTabSwitcherTests;
				PRODUCT_NAME = "$(TARGET_NAME)";
				SWIFT_EMIT_LOC_STRINGS = NO;
				SWIFT_VERSION = 5.0;
				TEST_HOST = "$(BUILT_PRODUCTS_DIR)/CommandTabSwitcher.app/$(BUNDLE_EXECUTABLE_FOLDER_PATH)/CommandTabSwitcher";
			};
			name = Release;
		};
		E848FC7D300902EE0039115D /* Debug */ = {
			isa = XCBuildConfiguration;
			buildSettings = {
				CODE_SIGN_STYLE = Automatic;
				CURRENT_PROJECT_VERSION = 1;
				GENERATE_INFOPLIST_FILE = YES;
				MARKETING_VERSION = 1.0;
				PRODUCT_BUNDLE_IDENTIFIER = axu.CommandTabSwitcherUITests;
				PRODUCT_NAME = "$(TARGET_NAME)";
				SWIFT_EMIT_LOC_STRINGS = NO;
				SWIFT_VERSION = 5.0;
				TEST_TARGET_NAME = CommandTabSwitcher;
			};
			name = Debug;
		};
		E848FC7E300902EE0039115D /* Release */ = {
			isa = XCBuildConfiguration;
			buildSettings = {
				CODE_SIGN_STYLE = Automatic;
				CURRENT_PROJECT_VERSION = 1;
				GENERATE_INFOPLIST_FILE = YES;
				MARKETING_VERSION = 1.0;
				PRODUCT_BUNDLE_IDENTIFIER = axu.CommandTabSwitcherUITests;
				PRODUCT_NAME = "$(TARGET_NAME)";
				SWIFT_EMIT_LOC_STRINGS = NO;
				SWIFT_VERSION = 5.0;
				TEST_TARGET_NAME = CommandTabSwitcher;
			};
			name = Release;
		};
/* End XCBuildConfiguration section */

/* Begin XCConfigurationList section */
		E848FC4F300902ED0039115D /* Build configuration list for PBXProject "CommandTabSwitcher" */ = {
			isa = XCConfigurationList;
			buildConfigurations = (
				E848FC74300902EE0039115D /* Debug */,
				E848FC75300902EE0039115D /* Release */,
			);
			defaultConfigurationIsVisible = 0;
			defaultConfigurationName = Release;
		};
		E848FC76300902EE0039115D /* Build configuration list for PBXNativeTarget "CommandTabSwitcher" */ = {
			isa = XCConfigurationList;
			buildConfigurations = (
				E848FC77300902EE0039115D /* Debug */,
				E848FC78300902EE0039115D /* Release */,
			);
			defaultConfigurationIsVisible = 0;
			defaultConfigurationName = Release;
		};
		E848FC79300902EE0039115D /* Build configuration list for PBXNativeTarget "CommandTabSwitcherTests" */ = {
			isa = XCConfigurationList;
			buildConfigurations = (
				E848FC7A300902EE0039115D /* Debug */,
				E848FC7B300902EE0039115D /* Release */,
			);
			defaultConfigurationIsVisible = 0;
			defaultConfigurationName = Release;
		};
		E848FC7C300902EE0039115D /* Build configuration list for PBXNativeTarget "CommandTabSwitcherUITests" */ = {
			isa = XCConfigurationList;
			buildConfigurations = (
				E848FC7D300902EE0039115D /* Debug */,
				E848FC7E300902EE0039115D /* Release */,
			);
			defaultConfigurationIsVisible = 0;
			defaultConfigurationName = Release;
		};
/* End XCConfigurationList section */
	};
	rootObject = E848FC4C300902ED0039115D /* Project object */;
}
